
Microsoft Visual Studio Solution File, Format Version 12.00
# Visual Studio Express 15 for Windows Desktop
VisualStudioVersion = 15.0.28307.421
MinimumVisualStudioVersion = 10.0.40219.1
Project("{FAE04EC0-301F-11D3-BF4B-00C04F79EFBC}") = "Autobazar_konzolova_aplikacia", "Autobazar_konzolova_aplikacia\Autobazar_konzolova_aplikacia.csproj", "{497E7358-DBBB-4D4E-B425-4E33696B62ED}"
EndProject
Global
	GlobalSection(SolutionConfigurationPlatforms) = preSolution
		Debug|Any CPU = Debug|Any CPU
		Release|Any CPU = Release|Any CPU
	EndGlobalSection
	GlobalSection(ProjectConfigurationPlatforms) = postSolution
		{497E7358-DBBB-4D4E-B425-4E33696B62ED}.Debug|Any CPU.ActiveCfg = Debug|Any CPU
		{497E7358-DBBB-4D4E-B425-4E33696B62ED}.Debug|Any CPU.Build.0 = Debug|Any CPU
		{497E7358-DBBB-4D4E-B425-4E33696B62ED}.Release|Any CPU.ActiveCfg = Release|Any CPU
		{497E7358-DBBB-4D4E-B425-4E33696B62ED}.Release|Any CPU.Build.0 = Release|Any CPU
	EndGlobalSection
	GlobalSection(SolutionProperties) = preSolution
		HideSolutionNode = FALSE
	EndGlobalSection
	GlobalSection(ExtensibilityGlobals) = postSolution
		SolutionGuid = {C0ED3257-5D95-414F-9F73-9DAC3E609382}
	EndGlobalSection
EndGlobal
